
Microsoft Visual Studio Solution File, Format Version 12.00
# Visual Studio Version 17
VisualStudioVersion = 17.9.34622.214
MinimumVisualStudioVersion = 10.0.40219.1
Project("{9A19103F-16F7-4668-BE54-9A1E7A4F7556}") = "ExpenseTrackerAPI", "ExpenseTrackerAPI.csproj", "{62A505B3-6029-40DB-9DFB-66A45F1DBC17}"
EndProject
Global
	GlobalSection(SolutionConfigurationPlatforms) = preSolution
		Debug|Any CPU = Debug|Any CPU
		Release|Any CPU = Release|Any CPU
	EndGlobalSection
	GlobalSection(ProjectConfigurationPlatforms) = postSolution
		{62A505B3-6029-40DB-9DFB-66A45F1DBC17}.Debug|Any CPU.ActiveCfg = Debug|Any CPU
		{62A505B3-6029-40DB-9DFB-66A45F1DBC17}.Debug|Any CPU.Build.0 = Debug|Any CPU
		{62A505B3-6029-40DB-9DFB-66A45F1DBC17}.Release|Any CPU.ActiveCfg = Release|Any CPU
		{62A505B3-6029-40DB-9DFB-66A45F1DBC17}.Release|Any CPU.Build.0 = Release|Any CPU
	EndGlobalSection
	GlobalSection(SolutionProperties) = preSolution
		HideSolutionNode = FALSE
	EndGlobalSection
	GlobalSection(ExtensibilityGlobals) = postSolution
		SolutionGuid = {702E69EF-83D6-4857-8A5F-3A9CC4661D5E}
	EndGlobalSection
EndGlobal
